// !$*UTF8*$!
{
	archiveVersion = 1;
	classes = {
	};
	objectVersion = 46;
	objects = {

/* Begin PBXBuildFile section */
		4A60333D9AC8566EBE54AE93 /* libPods-iMessageAppOfXKL.a in Frameworks */ = {isa = PBXBuildFile; fileRef = E410165F80B2B03A105C2D42 /* libPods-iMessageAppOfXKL.a */; };
		773CAC001DB8555D005C8F45 /* Assets.xcassets in Resources */ = {isa = PBXBuildFile; fileRef = 773CABFF1DB8555D005C8F45 /* Assets.xcassets */; };
		773CAC071DB8555D005C8F45 /* MessagesExtension.appex in Embed App Extensions */ = {isa = PBXBuildFile; fileRef = 773CAC061DB8555D005C8F45 /* MessagesExtension.appex */; settings = {ATTRIBUTES = (RemoveHeadersOnCopy, ); }; };
		773CAC0C1DB8555D005C8F45 /* Messages.framework in Frameworks */ = {isa = PBXBuildFile; fileRef = 773CAC0B1DB8555D005C8F45 /* Messages.framework */; };
		773CAC101DB8555D005C8F45 /* MessagesViewController.m in Sources */ = {isa = PBXBuildFile; fileRef = 773CAC0F1DB8555D005C8F45 /* MessagesViewController.m */; };
		773CAC131DB8555D005C8F45 /* MainInterface.storyboard in Resources */ = {isa = PBXBuildFile; fileRef = 773CAC111DB8555D005C8F45 /* MainInterface.storyboard */; };
		773CAC151DB8555D005C8F45 /* Assets.xcassets in Resources */ = {isa = PBXBuildFile; fileRef = 773CAC141DB8555D005C8F45 /* Assets.xcassets */; };
		773CAC701DB85749005C8F45 /* 1_1.gif in Resources */ = {isa = PBXBuildFile; fileRef = 773CAC211DB85749005C8F45 /* 1_1.gif */; };
		773CAC711DB85749005C8F45 /* 1_2.gif in Resources */ = {isa = PBXBuildFile; fileRef = 773CAC221DB85749005C8F45 /* 1_2.gif */; };
		773CAC721DB85749005C8F45 /* 1_3.gif in Resources */ = {isa = PBXBuildFile; fileRef = 773CAC231DB85749005C8F45 /* 1_3.gif */; };
		773CAC731DB85749005C8F45 /* 1_4.gif in Resources */ = {isa = PBXBuildFile; fileRef = 773CAC241DB85749005C8F45 /* 1_4.gif */; };
		773CAC741DB85749005C8F45 /* 1_5.gif in Resources */ = {isa = PBXBuildFile; fileRef = 773CAC251DB85749005C8F45 /* 1_5.gif */; };
		773CAC751DB85749005C8F45 /* 1_6.gif in Resources */ = {isa = PBXBuildFile; fileRef = 773CAC261DB85749005C8F45 /* 1_6.gif */; };
		773CAC761DB85749005C8F45 /* 1_7.gif in Resources */ = {isa = PBXBuildFile; fileRef = 773CAC271DB85749005C8F45 /* 1_7.gif */; };
		773CAC771DB85749005C8F45 /* 1_8.gif in Resources */ = {isa = PBXBuildFile; fileRef = 773CAC281DB85749005C8F45 /* 1_8.gif */; };
		773CAC781DB85749005C8F45 /* 1_9.gif in Resources */ = {isa = PBXBuildFile; fileRef = 773CAC291DB85749005C8F45 /* 1_9.gif */; };
		773CAC791DB85749005C8F45 /* 2_1.gif in Resources */ = {isa = PBXBuildFile; fileRef = 773CAC2B1DB85749005C8F45 /* 2_1.gif */; };
		773CAC7A1DB85749005C8F45 /* 2_2.gif in Resources */ = {isa = PBXBuildFile; fileRef = 773CAC2C1DB85749005C8F45 /* 2_2.gif */; };
		773CAC7B1DB85749005C8F45 /* 2_3.gif in Resources */ = {isa = PBXBuildFile; fileRef = 773CAC2D1DB85749005C8F45 /* 2_3.gif */; };
		773CAC7C1DB85749005C8F45 /* 2_4.gif in Resources */ = {isa = PBXBuildFile; fileRef = 773CAC2E1DB85749005C8F45 /* 2_4.gif */; };
		773CAC7D1DB85749005C8F45 /* 2_5.gif in Resources */ = {isa = PBXBuildFile; fileRef = 773CAC2F1DB85749005C8F45 /* 2_5.gif */; };
		773CAC7E1DB85749005C8F45 /* 2_6.gif in Resources */ = {isa = PBXBuildFile; fileRef = 773CAC301DB85749005C8F45 /* 2_6.gif */; };
		773CAC7F1DB85749005C8F45 /* 2_7.gif in Resources */ = {isa = PBXBuildFile; fileRef = 773CAC311DB85749005C8F45 /* 2_7.gif */; };
		773CAC801DB85749005C8F45 /* 2_8.gif in Resources */ = {isa = PBXBuildFile; fileRef = 773CAC321DB85749005C8F45 /* 2_8.gif */; };
		773CAC811DB85749005C8F45 /* 2_9.gif in Resources */ = {isa = PBXBuildFile; fileRef = 773CAC331DB85749005C8F45 /* 2_9.gif */; };
		773CAC821DB85749005C8F45 /* 3_1.gif in Resources */ = {isa = PBXBuildFile; fileRef = 773CAC351DB85749005C8F45 /* 3_1.gif */; };
		773CAC831DB85749005C8F45 /* 3_2.gif in Resources */ = {isa = PBXBuildFile; fileRef = 773CAC361DB85749005C8F45 /* 3_2.gif */; };
		773CAC841DB85749005C8F45 /* 3_3.gif in Resources */ = {isa = PBXBuildFile; fileRef = 773CAC371DB85749005C8F45 /* 3_3.gif */; };
		773CAC851DB85749005C8F45 /* 3_4.gif in Resources */ = {isa = PBXBuildFile; fileRef = 773CAC381DB85749005C8F45 /* 3_4.gif */; };
		773CAC861DB85749005C8F45 /* 3_5.gif in Resources */ = {isa = PBXBuildFile; fileRef = 773CAC391DB85749005C8F45 /* 3_5.gif */; };
		773CAC871DB85749005C8F45 /* 3_6.gif in Resources */ = {isa = PBXBuildFile; fileRef = 773CAC3A1DB85749005C8F45 /* 3_6.gif */; };
		773CAC881DB85749005C8F45 /* 3_7.gif in Resources */ = {isa = PBXBuildFile; fileRef = 773CAC3B1DB85749005C8F45 /* 3_7.gif */; };
		773CAC891DB85749005C8F45 /* 3_8.gif in Resources */ = {isa = PBXBuildFile; fileRef = 773CAC3C1DB85749005C8F45 /* 3_8.gif */; };
		773CAC8A1DB85749005C8F45 /* 3_9.gif in Resources */ = {isa = PBXBuildFile; fileRef = 773CAC3D1DB85749005C8F45 /* 3_9.gif */; };
		773CAC8B1DB85749005C8F45 /* 4_1.gif in Resources */ = {isa = PBXBuildFile; fileRef = 773CAC3F1DB85749005C8F45 /* 4_1.gif */; };
		773CAC8C1DB85749005C8F45 /* 4_2.gif in Resources */ = {isa = PBXBuildFile; fileRef = 773CAC401DB85749005C8F45 /* 4_2.gif */; };
		773CAC8D1DB85749005C8F45 /* 4_3.gif in Resources */ = {isa = PBXBuildFile; fileRef = 773CAC411DB85749005C8F45 /* 4_3.gif */; };
		773CAC8E1DB85749005C8F45 /* 4_4.gif in Resources */ = {isa = PBXBuildFile; fileRef = 773CAC421DB85749005C8F45 /* 4_4.gif */; };
		773CAC8F1DB85749005C8F45 /* 4_5.gif in Resources */ = {isa = PBXBuildFile; fileRef = 773CAC431DB85749005C8F45 /* 4_5.gif */; };
		773CAC901DB85749005C8F45 /* 4_6.gif in Resources */ = {isa = PBXBuildFile; fileRef = 773CAC441DB85749005C8F45 /* 4_6.gif */; };
		773CAC911DB85749005C8F45 /* 4_7.gif in Resources */ = {isa = PBXBuildFile; fileRef = 773CAC451DB85749005C8F45 /* 4_7.gif */; };
		773CAC921DB85749005C8F45 /* 4_8.gif in Resources */ = {isa = PBXBuildFile; fileRef = 773CAC461DB85749005C8F45 /* 4_8.gif */; };
		773CAC931DB85749005C8F45 /* 4_9.gif in Resources */ = {isa = PBXBuildFile; fileRef = 773CAC471DB85749005C8F45 /* 4_9.gif */; };
		773CAC941DB85749005C8F45 /* 5_1.gif in Resources */ = {isa = PBXBuildFile; fileRef = 773CAC491DB85749005C8F45 /* 5_1.gif */; };
		773CAC951DB85749005C8F45 /* 5_2.gif in Resources */ = {isa = PBXBuildFile; fileRef = 773CAC4A1DB85749005C8F45 /* 5_2.gif */; };
		773CAC961DB85749005C8F45 /* 5_3.gif in Resources */ = {isa = PBXBuildFile; fileRef = 773CAC4B1DB85749005C8F45 /* 5_3.gif */; };
		773CAC971DB85749005C8F45 /* 5_4.gif in Resources */ = {isa = PBXBuildFile; fileRef = 773CAC4C1DB85749005C8F45 /* 5_4.gif */; };
		773CAC981DB85749005C8F45 /* 5_5.gif in Resources */ = {isa = PBXBuildFile; fileRef = 773CAC4D1DB85749005C8F45 /* 5_5.gif */; };
		773CAC991DB85749005C8F45 /* 5_6.gif in Resources */ = {isa = PBXBuildFile; fileRef = 773CAC4E1DB85749005C8F45 /* 5_6.gif */; };
		773CAC9A1DB85749005C8F45 /* 5_7.gif in Resources */ = {isa = PBXBuildFile; fileRef = 773CAC4F1DB85749005C8F45 /* 5_7.gif */; };
		773CAC9B1DB85749005C8F45 /* 5_8.gif in Resources */ = {isa = PBXBuildFile; fileRef = 773CAC501DB85749005C8F45 /* 5_8.gif */; };
		773CAC9C1DB85749005C8F45 /* 5_9.gif in Resources */ = {isa = PBXBuildFile; fileRef = 773CAC511DB85749005C8F45 /* 5_9.gif */; };
		773CAC9D1DB85749005C8F45 /* 6_1.gif in Resources */ = {isa = PBXBuildFile; fileRef = 773CAC531DB85749005C8F45 /* 6_1.gif */; };
		773CAC9E1DB85749005C8F45 /* 6_2.gif in Resources */ = {isa = PBXBuildFile; fileRef = 773CAC541DB85749005C8F45 /* 6_2.gif */; };
		773CAC9F1DB85749005C8F45 /* 6_3.gif in Resources */ = {isa = PBXBuildFile; fileRef = 773CAC551DB85749005C8F45 /* 6_3.gif */; };
		773CACA01DB85749005C8F45 /* 6_4.gif in Resources */ = {isa = PBXBuildFile; fileRef = 773CAC561DB85749005C8F45 /* 6_4.gif */; };
		773CACA11DB85749005C8F45 /* 6_5.gif in Resources */ = {isa = PBXBuildFile; fileRef = 773CAC571DB85749005C8F45 /* 6_5.gif */; };
		773CACA21DB85749005C8F45 /* 6_6.gif in Resources */ = {isa = PBXBuildFile; fileRef = 773CAC581DB85749005C8F45 /* 6_6.gif */; };
		773CACA31DB85749005C8F45 /* 6_7.gif in Resources */ = {isa = PBXBuildFile; fileRef = 773CAC591DB85749005C8F45 /* 6_7.gif */; };
		773CACA41DB85749005C8F45 /* 6_8.gif in Resources */ = {isa = PBXBuildFile; fileRef = 773CAC5A1DB85749005C8F45 /* 6_8.gif */; };
		773CACA51DB85749005C8F45 /* 6_9.gif in Resources */ = {isa = PBXBuildFile; fileRef = 773CAC5B1DB85749005C8F45 /* 6_9.gif */; };
		773CACA61DB85749005C8F45 /* 7_1.gif in Resources */ = {isa = PBXBuildFile; fileRef = 773CAC5D1DB85749005C8F45 /* 7_1.gif */; };
		773CACA71DB85749005C8F45 /* 7_2.gif in Resources */ = {isa = PBXBuildFile; fileRef = 773CAC5E1DB85749005C8F45 /* 7_2.gif */; };
		773CACA81DB85749005C8F45 /* 7_3.gif in Resources */ = {isa = PBXBuildFile; fileRef = 773CAC5F1DB85749005C8F45 /* 7_3.gif */; };
		773CACA91DB85749005C8F45 /* 7_4.gif in Resources */ = {isa = PBXBuildFile; fileRef = 773CAC601DB85749005C8F45 /* 7_4.gif */; };
		773CACAA1DB85749005C8F45 /* 7_5.gif in Resources */ = {isa = PBXBuildFile; fileRef = 773CAC611DB85749005C8F45 /* 7_5.gif */; };
		773CACAB1DB85749005C8F45 /* 7_6.gif in Resources */ = {isa = PBXBuildFile; fileRef = 773CAC621DB85749005C8F45 /* 7_6.gif */; };
		773CACAC1DB85749005C8F45 /* 7_7.gif in Resources */ = {isa = PBXBuildFile; fileRef = 773CAC631DB85749005C8F45 /* 7_7.gif */; };
		773CACAD1DB85749005C8F45 /* 7_8.gif in Resources */ = {isa = PBXBuildFile; fileRef = 773CAC641DB85749005C8F45 /* 7_8.gif */; };
		773CACAE1DB85749005C8F45 /* 7_9.gif in Resources */ = {isa = PBXBuildFile; fileRef = 773CAC651DB85749005C8F45 /* 7_9.gif */; };
		773CACAF1DB85749005C8F45 /* 8_1.gif in Resources */ = {isa = PBXBuildFile; fileRef = 773CAC671DB85749005C8F45 /* 8_1.gif */; };
		773CACB01DB85749005C8F45 /* 8_2.gif in Resources */ = {isa = PBXBuildFile; fileRef = 773CAC681DB85749005C8F45 /* 8_2.gif */; };
		773CACB11DB85749005C8F45 /* 8_3.gif in Resources */ = {isa = PBXBuildFile; fileRef = 773CAC691DB85749005C8F45 /* 8_3.gif */; };
		773CACB21DB85749005C8F45 /* 8_4.gif in Resources */ = {isa = PBXBuildFile; fileRef = 773CAC6A1DB85749005C8F45 /* 8_4.gif */; };
		773CACB31DB85749005C8F45 /* 8_5.gif in Resources */ = {isa = PBXBuildFile; fileRef = 773CAC6B1DB85749005C8F45 /* 8_5.gif */; };
		773CACB41DB85749005C8F45 /* 8_6.gif in Resources */ = {isa = PBXBuildFile; fileRef = 773CAC6C1DB85749005C8F45 /* 8_6.gif */; };
		773CACB51DB85749005C8F45 /* 8_7.gif in Resources */ = {isa = PBXBuildFile; fileRef = 773CAC6D1DB85749005C8F45 /* 8_7.gif */; };
		773CACB61DB85749005C8F45 /* 8_8.gif in Resources */ = {isa = PBXBuildFile; fileRef = 773CAC6E1DB85749005C8F45 /* 8_8.gif */; };
		773CACB71DB85749005C8F45 /* 8_9.gif in Resources */ = {isa = PBXBuildFile; fileRef = 773CAC6F1DB85749005C8F45 /* 8_9.gif */; };
		773CACBB1DB85907005C8F45 /* MessageTableViewCell.m in Sources */ = {isa = PBXBuildFile; fileRef = 773CACB91DB85907005C8F45 /* MessageTableViewCell.m */; };
		773CACBC1DB85907005C8F45 /* MessageTableViewCell.xib in Resources */ = {isa = PBXBuildFile; fileRef = 773CACBA1DB85907005C8F45 /* MessageTableViewCell.xib */; };
		773CACC01DB85915005C8F45 /* MessageCollectionViewCell.m in Sources */ = {isa = PBXBuildFile; fileRef = 773CACBE1DB85915005C8F45 /* MessageCollectionViewCell.m */; };
		773CACC11DB85915005C8F45 /* MessageCollectionViewCell.xib in Resources */ = {isa = PBXBuildFile; fileRef = 773CACBF1DB85915005C8F45 /* MessageCollectionViewCell.xib */; };
/* End PBXBuildFile section */

/* Begin PBXContainerItemProxy section */
		773CAC081DB8555D005C8F45 /* PBXContainerItemProxy */ = {
			isa = PBXContainerItemProxy;
			containerPortal = 773CABF61DB8555D005C8F45 /* Project object */;
			proxyType = 1;
			remoteGlobalIDString = 773CAC051DB8555D005C8F45;
			remoteInfo = MessagesExtension;
		};
/* End PBXContainerItemProxy section */

/* Begin PBXCopyFilesBuildPhase section */
		773CAC1C1DB8555D005C8F45 /* Embed App Extensions */ = {
			isa = PBXCopyFilesBuildPhase;
			buildActionMask = 2147483647;
			dstPath = "";
			dstSubfolderSpec = 13;
			files = (
				773CAC071DB8555D005C8F45 /* MessagesExtension.appex in Embed App Extensions */,
			);
			name = "Embed App Extensions";
			runOnlyForDeploymentPostprocessing = 0;
		};
/* End PBXCopyFilesBuildPhase section */

/* Begin PBXFileReference section */
		18817DF18E84BD2CB5C6942D /* Pods-iMessageAppOfXKL.debug.xcconfig */ = {isa = PBXFileReference; includeInIndex = 1; lastKnownFileType = text.xcconfig; name = "Pods-iMessageAppOfXKL.debug.xcconfig"; path = "Pods/Target Support Files/Pods-iMessageAppOfXKL/Pods-iMessageAppOfXKL.debug.xcconfig"; sourceTree = "<group>"; };
		6E10A49B5818137730EFF722 /* Pods-iMessageAppOfXKL.release.xcconfig */ = {isa = PBXFileReference; includeInIndex = 1; lastKnownFileType = text.xcconfig; name = "Pods-iMessageAppOfXKL.release.xcconfig"; path = "Pods/Target Support Files/Pods-iMessageAppOfXKL/Pods-iMessageAppOfXKL.release.xcconfig"; sourceTree = "<group>"; };
		773CABFC1DB8555D005C8F45 /* iMessageAppOfXKL.app */ = {isa = PBXFileReference; explicitFileType = wrapper.application; includeInIndex = 0; path = iMessageAppOfXKL.app; sourceTree = BUILT_PRODUCTS_DIR; };
		773CABFF1DB8555D005C8F45 /* Assets.xcassets */ = {isa = PBXFileReference; lastKnownFileType = folder.assetcatalog; path = Assets.xcassets; sourceTree = "<group>"; };
		773CAC011DB8555D005C8F45 /* Info.plist */ = {isa = PBXFileReference; lastKnownFileType = text.plist.xml; path = Info.plist; sourceTree = "<group>"; };
		773CAC061DB8555D005C8F45 /* MessagesExtension.appex */ = {isa = PBXFileReference; explicitFileType = "wrapper.app-extension"; includeInIndex = 0; path = MessagesExtension.appex; sourceTree = BUILT_PRODUCTS_DIR; };
		773CAC0B1DB8555D005C8F45 /* Messages.framework */ = {isa = PBXFileReference; lastKnownFileType = wrapper.framework; name = Messages.framework; path = System/Library/Frameworks/Messages.framework; sourceTree = SDKROOT; };
		773CAC0E1DB8555D005C8F45 /* MessagesViewController.h */ = {isa = PBXFileReference; lastKnownFileType = sourcecode.c.h; path = MessagesViewController.h; sourceTree = "<group>"; };
		773CAC0F1DB8555D005C8F45 /* MessagesViewController.m */ = {isa = PBXFileReference; lastKnownFileType = sourcecode.c.objc; path = MessagesViewController.m; sourceTree = "<group>"; };
		773CAC121DB8555D005C8F45 /* Base */ = {isa = PBXFileReference; lastKnownFileType = file.storyboard; name = Base; path = Base.lproj/MainInterface.storyboard; sourceTree = "<group>"; };
		773CAC141DB8555D005C8F45 /* Assets.xcassets */ = {isa = PBXFileReference; lastKnownFileType = folder.assetcatalog; path = Assets.xcassets; sourceTree = "<group>"; };
		773CAC161DB8555D005C8F45 /* Info.plist */ = {isa = PBXFileReference; lastKnownFileType = text.plist.xml; path = Info.plist; sourceTree = "<group>"; };
		773CAC211DB85749005C8F45 /* 1_1.gif */ = {isa = PBXFileReference; lastKnownFileType = image.gif; path = 1_1.gif; sourceTree = "<group>"; };
		773CAC221DB85749005C8F45 /* 1_2.gif */ = {isa = PBXFileReference; lastKnownFileType = image.gif; path = 1_2.gif; sourceTree = "<group>"; };
		773CAC231DB85749005C8F45 /* 1_3.gif */ = {isa = PBXFileReference; lastKnownFileType = image.gif; path = 1_3.gif; sourceTree = "<group>"; };
		773CAC241DB85749005C8F45 /* 1_4.gif */ = {isa = PBXFileReference; lastKnownFileType = image.gif; path = 1_4.gif; sourceTree = "<group>"; };
		773CAC251DB85749005C8F45 /* 1_5.gif */ = {isa = PBXFileReference; lastKnownFileType = image.gif; path = 1_5.gif; sourceTree = "<group>"; };
		773CAC261DB85749005C8F45 /* 1_6.gif */ = {isa = PBXFileReference; lastKnownFileType = image.gif; path = 1_6.gif; sourceTree = "<group>"; };
		773CAC271DB85749005C8F45 /* 1_7.gif */ = {isa = PBXFileReference; lastKnownFileType = image.gif; path = 1_7.gif; sourceTree = "<group>"; };
		773CAC281DB85749005C8F45 /* 1_8.gif */ = {isa = PBXFileReference; lastKnownFileType = image.gif; path = 1_8.gif; sourceTree = "<group>"; };
		773CAC291DB85749005C8F45 /* 1_9.gif */ = {isa = PBXFileReference; lastKnownFileType = image.gif; path = 1_9.gif; sourceTree = "<group>"; };
		773CAC2B1DB85749005C8F45 /* 2_1.gif */ = {isa = PBXFileReference; lastKnownFileType = image.gif; path = 2_1.gif; sourceTree = "<group>"; };
		773CAC2C1DB85749005C8F45 /* 2_2.gif */ = {isa = PBXFileReference; lastKnownFileType = image.gif; path = 2_2.gif; sourceTree = "<group>"; };
		773CAC2D1DB85749005C8F45 /* 2_3.gif */ = {isa = PBXFileReference; lastKnownFileType = image.gif; path = 2_3.gif; sourceTree = "<group>"; };
		773CAC2E1DB85749005C8F45 /* 2_4.gif */ = {isa = PBXFileReference; lastKnownFileType = image.gif; path = 2_4.gif; sourceTree = "<group>"; };
		773CAC2F1DB85749005C8F45 /* 2_5.gif */ = {isa = PBXFileReference; lastKnownFileType = image.gif; path = 2_5.gif; sourceTree = "<group>"; };
		773CAC301DB85749005C8F45 /* 2_6.gif */ = {isa = PBXFileReference; lastKnownFileType = image.gif; path = 2_6.gif; sourceTree = "<group>"; };
		773CAC311DB85749005C8F45 /* 2_7.gif */ = {isa = PBXFileReference; lastKnownFileType = image.gif; path = 2_7.gif; sourceTree = "<group>"; };
		773CAC321DB85749005C8F45 /* 2_8.gif */ = {isa = PBXFileReference; lastKnownFileType = image.gif; path = 2_8.gif; sourceTree = "<group>"; };
		773CAC331DB85749005C8F45 /* 2_9.gif */ = {isa = PBXFileReference; lastKnownFileType = image.gif; path = 2_9.gif; sourceTree = "<group>"; };
		773CAC351DB85749005C8F45 /* 3_1.gif */ = {isa = PBXFileReference; lastKnownFileType = image.gif; path = 3_1.gif; sourceTree = "<group>"; };
		773CAC361DB85749005C8F45 /* 3_2.gif */ = {isa = PBXFileReference; lastKnownFileType = image.gif; path = 3_2.gif; sourceTree = "<group>"; };
		773CAC371DB85749005C8F45 /* 3_3.gif */ = {isa = PBXFileReference; lastKnownFileType = image.gif; path = 3_3.gif; sourceTree = "<group>"; };
		773CAC381DB85749005C8F45 /* 3_4.gif */ = {isa = PBXFileReference; lastKnownFileType = image.gif; path = 3_4.gif; sourceTree = "<group>"; };
		773CAC391DB85749005C8F45 /* 3_5.gif */ = {isa = PBXFileReference; lastKnownFileType = image.gif; path = 3_5.gif; sourceTree = "<group>"; };
		773CAC3A1DB85749005C8F45 /* 3_6.gif */ = {isa = PBXFileReference; lastKnownFileType = image.gif; path = 3_6.gif; sourceTree = "<group>"; };
		773CAC3B1DB85749005C8F45 /* 3_7.gif */ = {isa = PBXFileReference; lastKnownFileType = image.gif; path = 3_7.gif; sourceTree = "<group>"; };
		773CAC3C1DB85749005C8F45 /* 3_8.gif */ = {isa = PBXFileReference; lastKnownFileType = image.gif; path = 3_8.gif; sourceTree = "<group>"; };
		773CAC3D1DB85749005C8F45 /* 3_9.gif */ = {isa = PBXFileReference; lastKnownFileType = image.gif; path = 3_9.gif; sourceTree = "<group>"; };
		773CAC3F1DB85749005C8F45 /* 4_1.gif */ = {isa = PBXFileReference; lastKnownFileType = image.gif; path = 4_1.gif; sourceTree = "<group>"; };
		773CAC401DB85749005C8F45 /* 4_2.gif */ = {isa = PBXFileReference; lastKnownFileType = image.gif; path = 4_2.gif; sourceTree = "<group>"; };
		773CAC411DB85749005C8F45 /* 4_3.gif */ = {isa = PBXFileReference; lastKnownFileType = image.gif; path = 4_3.gif; sourceTree = "<group>"; };
		773CAC421DB85749005C8F45 /* 4_4.gif */ = {isa = PBXFileReference; lastKnownFileType = image.gif; path = 4_4.gif; sourceTree = "<group>"; };
		773CAC431DB85749005C8F45 /* 4_5.gif */ = {isa = PBXFileReference; lastKnownFileType = image.gif; path = 4_5.gif; sourceTree = "<group>"; };
		773CAC441DB85749005C8F45 /* 4_6.gif */ = {isa = PBXFileReference; lastKnownFileType = image.gif; path = 4_6.gif; sourceTree = "<group>"; };
		773CAC451DB85749005C8F45 /* 4_7.gif */ = {isa = PBXFileReference; lastKnownFileType = image.gif; path = 4_7.gif; sourceTree = "<group>"; };
		773CAC461DB85749005C8F45 /* 4_8.gif */ = {isa = PBXFileReference; lastKnownFileType = image.gif; path = 4_8.gif; sourceTree = "<group>"; };
		773CAC471DB85749005C8F45 /* 4_9.gif */ = {isa = PBXFileReference; lastKnownFileType = image.gif; path = 4_9.gif; sourceTree = "<group>"; };
		773CAC491DB85749005C8F45 /* 5_1.gif */ = {isa = PBXFileReference; lastKnownFileType = image.gif; path = 5_1.gif; sourceTree = "<group>"; };
		773CAC4A1DB85749005C8F45 /* 5_2.gif */ = {isa = PBXFileReference; lastKnownFileType = image.gif; path = 5_2.gif; sourceTree = "<group>"; };
		773CAC4B1DB85749005C8F45 /* 5_3.gif */ = {isa = PBXFileReference; lastKnownFileType = image.gif; path = 5_3.gif; sourceTree = "<group>"; };
		773CAC4C1DB85749005C8F45 /* 5_4.gif */ = {isa = PBXFileReference; lastKnownFileType = image.gif; path = 5_4.gif; sourceTree = "<group>"; };
		773CAC4D1DB85749005C8F45 /* 5_5.gif */ = {isa = PBXFileReference; lastKnownFileType = image.gif; path = 5_5.gif; sourceTree = "<group>"; };
		773CAC4E1DB85749005C8F45 /* 5_6.gif */ = {isa = PBXFileReference; lastKnownFileType = image.gif; path = 5_6.gif; sourceTree = "<group>"; };
		773CAC4F1DB85749005C8F45 /* 5_7.gif */ = {isa = PBXFileReference; lastKnownFileType = image.gif; path = 5_7.gif; sourceTree = "<group>"; };
		773CAC501DB85749005C8F45 /* 5_8.gif */ = {isa = PBXFileReference; lastKnownFileType = image.gif; path = 5_8.gif; sourceTree = "<group>"; };
		773CAC511DB85749005C8F45 /* 5_9.gif */ = {isa = PBXFileReference; lastKnownFileType = image.gif; path = 5_9.gif; sourceTree = "<group>"; };
		773CAC531DB85749005C8F45 /* 6_1.gif */ = {isa = PBXFileReference; lastKnownFileType = image.gif; path = 6_1.gif; sourceTree = "<group>"; };
		773CAC541DB85749005C8F45 /* 6_2.gif */ = {isa = PBXFileReference; lastKnownFileType = image.gif; path = 6_2.gif; sourceTree = "<group>"; };
		773CAC551DB85749005C8F45 /* 6_3.gif */ = {isa = PBXFileReference; lastKnownFileType = image.gif; path = 6_3.gif; sourceTree = "<group>"; };
		773CAC561DB85749005C8F45 /* 6_4.gif */ = {isa = PBXFileReference; lastKnownFileType = image.gif; path = 6_4.gif; sourceTree = "<group>"; };
		773CAC571DB85749005C8F45 /* 6_5.gif */ = {isa = PBXFileReference; lastKnownFileType = image.gif; path = 6_5.gif; sourceTree = "<group>"; };
		773CAC581DB85749005C8F45 /* 6_6.gif */ = {isa = PBXFileReference; lastKnownFileType = image.gif; path = 6_6.gif; sourceTree = "<group>"; };
		773CAC591DB85749005C8F45 /* 6_7.gif */ = {isa = PBXFileReference; lastKnownFileType = image.gif; path = 6_7.gif; sourceTree = "<group>"; };
		773CAC5A1DB85749005C8F45 /* 6_8.gif */ = {isa = PBXFileReference; lastKnownFileType = image.gif; path = 6_8.gif; sourceTree = "<group>"; };
		773CAC5B1DB85749005C8F45 /* 6_9.gif */ = {isa = PBXFileReference; lastKnownFileType = image.gif; path = 6_9.gif; sourceTree = "<group>"; };
		773CAC5D1DB85749005C8F45 /* 7_1.gif */ = {isa = PBXFileReference; lastKnownFileType = image.gif; path = 7_1.gif; sourceTree = "<group>"; };
		773CAC5E1DB85749005C8F45 /* 7_2.gif */ = {isa = PBXFileReference; lastKnownFileType = image.gif; path = 7_2.gif; sourceTree = "<group>"; };
		773CAC5F1DB85749005C8F45 /* 7_3.gif */ = {isa = PBXFileReference; lastKnownFileType = image.gif; path = 7_3.gif; sourceTree = "<group>"; };
		773CAC601DB85749005C8F45 /* 7_4.gif */ = {isa = PBXFileReference; lastKnownFileType = image.gif; path = 7_4.gif; sourceTree = "<group>"; };
		773CAC611DB85749005C8F45 /* 7_5.gif */ = {isa = PBXFileReference; lastKnownFileType = image.gif; path = 7_5.gif; sourceTree = "<group>"; };
		773CAC621DB85749005C8F45 /* 7_6.gif */ = {isa = PBXFileReference; lastKnownFileType = image.gif; path = 7_6.gif; sourceTree = "<group>"; };
		773CAC631DB85749005C8F45 /* 7_7.gif */ = {isa = PBXFileReference; lastKnownFileType = image.gif; path = 7_7.gif; sourceTree = "<group>"; };
		773CAC641DB85749005C8F45 /* 7_8.gif */ = {isa = PBXFileReference; lastKnownFileType = image.gif; path = 7_8.gif; sourceTree = "<group>"; };
		773CAC651DB85749005C8F45 /* 7_9.gif */ = {isa = PBXFileReference; lastKnownFileType = image.gif; path = 7_9.gif; sourceTree = "<group>"; };
		773CAC671DB85749005C8F45 /* 8_1.gif */ = {isa = PBXFileReference; lastKnownFileType = image.gif; path = 8_1.gif; sourceTree = "<group>"; };
		773CAC681DB85749005C8F45 /* 8_2.gif */ = {isa = PBXFileReference; lastKnownFileType = image.gif; path = 8_2.gif; sourceTree = "<group>"; };
		773CAC691DB85749005C8F45 /* 8_3.gif */ = {isa = PBXFileReference; lastKnownFileType = image.gif; path = 8_3.gif; sourceTree = "<group>"; };
		773CAC6A1DB85749005C8F45 /* 8_4.gif */ = {isa = PBXFileReference; lastKnownFileType = image.gif; path = 8_4.gif; sourceTree = "<group>"; };
		773CAC6B1DB85749005C8F45 /* 8_5.gif */ = {isa = PBXFileReference; lastKnownFileType = image.gif; path = 8_5.gif; sourceTree = "<group>"; };
		773CAC6C1DB85749005C8F45 /* 8_6.gif */ = {isa = PBXFileReference; lastKnownFileType = image.gif; path = 8_6.gif; sourceTree = "<group>"; };
		773CAC6D1DB85749005C8F45 /* 8_7.gif */ = {isa = PBXFileReference; lastKnownFileType = image.gif; path = 8_7.gif; sourceTree = "<group>"; };
		773CAC6E1DB85749005C8F45 /* 8_8.gif */ = {isa = PBXFileReference; lastKnownFileType = image.gif; path = 8_8.gif; sourceTree = "<group>"; };
		773CAC6F1DB85749005C8F45 /* 8_9.gif */ = {isa = PBXFileReference; lastKnownFileType = image.gif; path = 8_9.gif; sourceTree = "<group>"; };
		773CACB81DB85907005C8F45 /* MessageTableViewCell.h */ = {isa = PBXFileReference; fileEncoding = 4; lastKnownFileType = sourcecode.c.h; path = MessageTableViewCell.h; sourceTree = "<group>"; };
		773CACB91DB85907005C8F45 /* MessageTableViewCell.m */ = {isa = PBXFileReference; fileEncoding = 4; lastKnownFileType = sourcecode.c.objc; path = MessageTableViewCell.m; sourceTree = "<group>"; };
		773CACBA1DB85907005C8F45 /* MessageTableViewCell.xib */ = {isa = PBXFileReference; fileEncoding = 4; lastKnownFileType = file.xib; path = MessageTableViewCell.xib; sourceTree = "<group>"; };
		773CACBD1DB85915005C8F45 /* MessageCollectionViewCell.h */ = {isa = PBXFileReference; fileEncoding = 4; lastKnownFileType = sourcecode.c.h; path = MessageCollectionViewCell.h; sourceTree = "<group>"; };
		773CACBE1DB85915005C8F45 /* MessageCollectionViewCell.m */ = {isa = PBXFileReference; fileEncoding = 4; lastKnownFileType = sourcecode.c.objc; path = MessageCollectionViewCell.m; sourceTree = "<group>"; };
		773CACBF1DB85915005C8F45 /* MessageCollectionViewCell.xib */ = {isa = PBXFileReference; fileEncoding = 4; lastKnownFileType = file.xib; path = MessageCollectionViewCell.xib; sourceTree = "<group>"; };
		77D363D61DB89865003BAAF6 /* PrefixHeader.pch */ = {isa = PBXFileReference; lastKnownFileType = sourcecode.c.h; path = PrefixHeader.pch; sourceTree = "<group>"; };
		E410165F80B2B03A105C2D42 /* libPods-iMessageAppOfXKL.a */ = {isa = PBXFileReference; explicitFileType = archive.ar; includeInIndex = 0; path = "libPods-iMessageAppOfXKL.a"; sourceTree = BUILT_PRODUCTS_DIR; };
/* End PBXFileReference section */

/* Begin PBXFrameworksBuildPhase section */
		0DB13FA6DD3C7E480CFD190B /* Frameworks */ = {
			isa = PBXFrameworksBuildPhase;
			buildActionMask = 2147483647;
			files = (
				4A60333D9AC8566EBE54AE93 /* libPods-iMessageAppOfXKL.a in Frameworks */,
			);
			runOnlyForDeploymentPostprocessing = 0;
		};
		773CAC031DB8555D005C8F45 /* Frameworks */ = {
			isa = PBXFrameworksBuildPhase;
			buildActionMask = 2147483647;
			files = (
				773CAC0C1DB8555D005C8F45 /* Messages.framework in Frameworks */,
			);
			runOnlyForDeploymentPostprocessing = 0;
		};
/* End PBXFrameworksBuildPhase section */

/* Begin PBXGroup section */
		773CABF51DB8555D005C8F45 = {
			isa = PBXGroup;
			children = (
				773CABFE1DB8555D005C8F45 /* iMessageAppOfXKL */,
				773CAC0D1DB8555D005C8F45 /* MessagesExtension */,
				773CAC0A1DB8555D005C8F45 /* Frameworks */,
				773CABFD1DB8555D005C8F45 /* Products */,
				A4F935726DF7E3234078005E /* Pods */,
			);
			sourceTree = "<group>";
		};
		773CABFD1DB8555D005C8F45 /* Products */ = {
			isa = PBXGroup;
			children = (
				773CABFC1DB8555D005C8F45 /* iMessageAppOfXKL.app */,
				773CAC061DB8555D005C8F45 /* MessagesExtension.appex */,
			);
			name = Products;
			sourceTree = "<group>";
		};
		773CABFE1DB8555D005C8F45 /* iMessageAppOfXKL */ = {
			isa = PBXGroup;
			children = (
				773CABFF1DB8555D005C8F45 /* Assets.xcassets */,
				773CAC011DB8555D005C8F45 /* Info.plist */,
			);
			path = iMessageAppOfXKL;
			sourceTree = "<group>";
		};
		773CAC0A1DB8555D005C8F45 /* Frameworks */ = {
			isa = PBXGroup;
			children = (
				773CAC0B1DB8555D005C8F45 /* Messages.framework */,
				E410165F80B2B03A105C2D42 /* libPods-iMessageAppOfXKL.a */,
			);
			name = Frameworks;
			sourceTree = "<group>";
		};
		773CAC0D1DB8555D005C8F45 /* MessagesExtension */ = {
			isa = PBXGroup;
			children = (
				773CAC0E1DB8555D005C8F45 /* MessagesViewController.h */,
				773CAC0F1DB8555D005C8F45 /* MessagesViewController.m */,
				773CAC111DB8555D005C8F45 /* MainInterface.storyboard */,
				773CACB81DB85907005C8F45 /* MessageTableViewCell.h */,
				773CACB91DB85907005C8F45 /* MessageTableViewCell.m */,
				773CACBA1DB85907005C8F45 /* MessageTableViewCell.xib */,
				773CACBD1DB85915005C8F45 /* MessageCollectionViewCell.h */,
				773CACBE1DB85915005C8F45 /* MessageCollectionViewCell.m */,
				773CACBF1DB85915005C8F45 /* MessageCollectionViewCell.xib */,
				77D363D41DB897EA003BAAF6 /* ImageFile */,
				77D363D51DB89837003BAAF6 /* Util */,
				773CAC141DB8555D005C8F45 /* Assets.xcassets */,
				773CAC161DB8555D005C8F45 /* Info.plist */,
			);
			path = MessagesExtension;
			sourceTree = "<group>";
		};
		773CAC201DB85749005C8F45 /* 1 */ = {
			isa = PBXGroup;
			children = (
				773CAC211DB85749005C8F45 /* 1_1.gif */,
				773CAC221DB85749005C8F45 /* 1_2.gif */,
				773CAC231DB85749005C8F45 /* 1_3.gif */,
				773CAC241DB85749005C8F45 /* 1_4.gif */,
				773CAC251DB85749005C8F45 /* 1_5.gif */,
				773CAC261DB85749005C8F45 /* 1_6.gif */,
				773CAC271DB85749005C8F45 /* 1_7.gif */,
				773CAC281DB85749005C8F45 /* 1_8.gif */,
				773CAC291DB85749005C8F45 /* 1_9.gif */,
			);
			path = 1;
			sourceTree = "<group>";
		};
		773CAC2A1DB85749005C8F45 /* 2 */ = {
			isa = PBXGroup;
			children = (
				773CAC2B1DB85749005C8F45 /* 2_1.gif */,
				773CAC2C1DB85749005C8F45 /* 2_2.gif */,
				773CAC2D1DB85749005C8F45 /* 2_3.gif */,
				773CAC2E1DB85749005C8F45 /* 2_4.gif */,
				773CAC2F1DB85749005C8F45 /* 2_5.gif */,
				773CAC301DB85749005C8F45 /* 2_6.gif */,
				773CAC311DB85749005C8F45 /* 2_7.gif */,
				773CAC321DB85749005C8F45 /* 2_8.gif */,
				773CAC331DB85749005C8F45 /* 2_9.gif */,
			);
			path = 2;
			sourceTree = "<group>";
		};
		773CAC341DB85749005C8F45 /* 3 */ = {
			isa = PBXGroup;
			children = (
				773CAC351DB85749005C8F45 /* 3_1.gif */,
				773CAC361DB85749005C8F45 /* 3_2.gif */,
				773CAC371DB85749005C8F45 /* 3_3.gif */,
				773CAC381DB85749005C8F45 /* 3_4.gif */,
				773CAC391DB85749005C8F45 /* 3_5.gif */,
				773CAC3A1DB85749005C8F45 /* 3_6.gif */,
				773CAC3B1DB85749005C8F45 /* 3_7.gif */,
				773CAC3C1DB85749005C8F45 /* 3_8.gif */,
				773CAC3D1DB85749005C8F45 /* 3_9.gif */,
			);
			path = 3;
			sourceTree = "<group>";
		};
		773CAC3E1DB85749005C8F45 /* 4 */ = {
			isa = PBXGroup;
			children = (
				773CAC3F1DB85749005C8F45 /* 4_1.gif */,
				773CAC401DB85749005C8F45 /* 4_2.gif */,
				773CAC411DB85749005C8F45 /* 4_3.gif */,
				773CAC421DB85749005C8F45 /* 4_4.gif */,
				773CAC431DB85749005C8F45 /* 4_5.gif */,
				773CAC441DB85749005C8F45 /* 4_6.gif */,
				773CAC451DB85749005C8F45 /* 4_7.gif */,
				773CAC461DB85749005C8F45 /* 4_8.gif */,
				773CAC471DB85749005C8F45 /* 4_9.gif */,
			);
			path = 4;
			sourceTree = "<group>";
		};
		773CAC481DB85749005C8F45 /* 5 */ = {
			isa = PBXGroup;
			children = (
				773CAC491DB85749005C8F45 /* 5_1.gif */,
				773CAC4A1DB85749005C8F45 /* 5_2.gif */,
				773CAC4B1DB85749005C8F45 /* 5_3.gif */,
				773CAC4C1DB85749005C8F45 /* 5_4.gif */,
				773CAC4D1DB85749005C8F45 /* 5_5.gif */,
				773CAC4E1DB85749005C8F45 /* 5_6.gif */,
				773CAC4F1DB85749005C8F45 /* 5_7.gif */,
				773CAC501DB85749005C8F45 /* 5_8.gif */,
				773CAC511DB85749005C8F45 /* 5_9.gif */,
			);
			path = 5;
			sourceTree = "<group>";
		};
		773CAC521DB85749005C8F45 /* 6 */ = {
			isa = PBXGroup;
			children = (
				773CAC531DB85749005C8F45 /* 6_1.gif */,
				773CAC541DB85749005C8F45 /* 6_2.gif */,
				773CAC551DB85749005C8F45 /* 6_3.gif */,
				773CAC561DB85749005C8F45 /* 6_4.gif */,
				773CAC571DB85749005C8F45 /* 6_5.gif */,
				773CAC581DB85749005C8F45 /* 6_6.gif */,
				773CAC591DB85749005C8F45 /* 6_7.gif */,
				773CAC5A1DB85749005C8F45 /* 6_8.gif */,
				773CAC5B1DB85749005C8F45 /* 6_9.gif */,
			);
			path = 6;
			sourceTree = "<group>";
		};
		773CAC5C1DB85749005C8F45 /* 7 */ = {
			isa = PBXGroup;
			children = (
				773CAC5D1DB85749005C8F45 /* 7_1.gif */,
				773CAC5E1DB85749005C8F45 /* 7_2.gif */,
				773CAC5F1DB85749005C8F45 /* 7_3.gif */,
				773CAC601DB85749005C8F45 /* 7_4.gif */,
				773CAC611DB85749005C8F45 /* 7_5.gif */,
				773CAC621DB85749005C8F45 /* 7_6.gif */,
				773CAC631DB85749005C8F45 /* 7_7.gif */,
				773CAC641DB85749005C8F45 /* 7_8.gif */,
				773CAC651DB85749005C8F45 /* 7_9.gif */,
			);
			path = 7;
			sourceTree = "<group>";
		};
		773CAC661DB85749005C8F45 /* 8 */ = {
			isa = PBXGroup;
			children = (
				773CAC671DB85749005C8F45 /* 8_1.gif */,
				773CAC681DB85749005C8F45 /* 8_2.gif */,
				773CAC691DB85749005C8F45 /* 8_3.gif */,
				773CAC6A1DB85749005C8F45 /* 8_4.gif */,
				773CAC6B1DB85749005C8F45 /* 8_5.gif */,
				773CAC6C1DB85749005C8F45 /* 8_6.gif */,
				773CAC6D1DB85749005C8F45 /* 8_7.gif */,
				773CAC6E1DB85749005C8F45 /* 8_8.gif */,
				773CAC6F1DB85749005C8F45 /* 8_9.gif */,
			);
			path = 8;
			sourceTree = "<group>";
		};
		77D363D41DB897EA003BAAF6 /* ImageFile */ = {
			isa = PBXGroup;
			children = (
				773CAC201DB85749005C8F45 /* 1 */,
				773CAC2A1DB85749005C8F45 /* 2 */,
				773CAC341DB85749005C8F45 /* 3 */,
				773CAC3E1DB85749005C8F45 /* 4 */,
				773CAC481DB85749005C8F45 /* 5 */,
				773CAC521DB85749005C8F45 /* 6 */,
				773CAC5C1DB85749005C8F45 /* 7 */,
				773CAC661DB85749005C8F45 /* 8 */,
			);
			name = ImageFile;
			sourceTree = "<group>";
		};
		77D363D51DB89837003BAAF6 /* Util */ = {
			isa = PBXGroup;
			children = (
				77D363D61DB89865003BAAF6 /* PrefixHeader.pch */,
			);
			name = Util;
			sourceTree = "<group>";
		};
		A4F935726DF7E3234078005E /* Pods */ = {
			isa = PBXGroup;
			children = (
				18817DF18E84BD2CB5C6942D /* Pods-iMessageAppOfXKL.debug.xcconfig */,
				6E10A49B5818137730EFF722 /* Pods-iMessageAppOfXKL.release.xcconfig */,
			);
			name = Pods;
			sourceTree = "<group>";
		};
/* End PBXGroup section */

/* Begin PBXNativeTarget section */
		773CABFB1DB8555D005C8F45 /* iMessageAppOfXKL */ = {
			isa = PBXNativeTarget;
			buildConfigurationList = 773CAC1D1DB8555D005C8F45 /* Build configuration list for PBXNativeTarget "iMessageAppOfXKL" */;
			buildPhases = (
				C1F92B07B471A0C599E90AED /* [CP] Check Pods Manifest.lock */,
				773CABFA1DB8555D005C8F45 /* Resources */,
				773CAC1C1DB8555D005C8F45 /* Embed App Extensions */,
				0DB13FA6DD3C7E480CFD190B /* Frameworks */,
				BC8718A613B517C43FC84E48 /* [CP] Copy Pods Resources */,
			);
			buildRules = (
			);
			dependencies = (
				773CAC091DB8555D005C8F45 /* PBXTargetDependency */,
			);
			name = iMessageAppOfXKL;
			productName = iMessageAppOfXKL;
			productReference = 773CABFC1DB8555D005C8F45 /* iMessageAppOfXKL.app */;
			productType = "com.apple.product-type.application.messages";
		};
		773CAC051DB8555D005C8F45 /* MessagesExtension */ = {
			isa = PBXNativeTarget;
			buildConfigurationList = 773CAC191DB8555D005C8F45 /* Build configuration list for PBXNativeTarget "MessagesExtension" */;
			buildPhases = (
				773CAC021DB8555D005C8F45 /* Sources */,
				773CAC031DB8555D005C8F45 /* Frameworks */,
				773CAC041DB8555D005C8F45 /* Resources */,
			);
			buildRules = (
			);
			dependencies = (
			);
			name = MessagesExtension;
			productName = MessagesExtension;
			productReference = 773CAC061DB8555D005C8F45 /* MessagesExtension.appex */;
			productType = "com.apple.product-type.app-extension.messages";
		};
/* End PBXNativeTarget section */

/* Begin PBXProject section */
		773CABF61DB8555D005C8F45 /* Project object */ = {
			isa = PBXProject;
			attributes = {
				LastUpgradeCheck = 0800;
				ORGANIZATIONNAME = xkl;
				TargetAttributes = {
					773CABFB1DB8555D005C8F45 = {
						CreatedOnToolsVersion = 8.0;
						ProvisioningStyle = Automatic;
					};
					773CAC051DB8555D005C8F45 = {
						CreatedOnToolsVersion = 8.0;
						ProvisioningStyle = Automatic;
					};
				};
			};
			buildConfigurationList = 773CABF91DB8555D005C8F45 /* Build configuration list for PBXProject "iMessageAppOfXKL" */;
			compatibilityVersion = "Xcode 3.2";
			developmentRegion = English;
			hasScannedForEncodings = 0;
			knownRegions = (
				en,
				Base,
			);
			mainGroup = 773CABF51DB8555D005C8F45;
			productRefGroup = 773CABFD1DB8555D005C8F45 /* Products */;
			projectDirPath = "";
			projectRoot = "";
			targets = (
				773CABFB1DB8555D005C8F45 /* iMessageAppOfXKL */,
				773CAC051DB8555D005C8F45 /* MessagesExtension */,
			);
		};
/* End PBXProject section */

/* Begin PBXResourcesBuildPhase section */
		773CABFA1DB8555D005C8F45 /* Resources */ = {
			isa = PBXResourcesBuildPhase;
			buildActionMask = 2147483647;
			files = (
				773CAC001DB8555D005C8F45 /* Assets.xcassets in Resources */,
			);
			runOnlyForDeploymentPostprocessing = 0;
		};
		773CAC041DB8555D005C8F45 /* Resources */ = {
			isa = PBXResourcesBuildPhase;
			buildActionMask = 2147483647;
			files = (
				773CAC981DB85749005C8F45 /* 5_5.gif in Resources */,
				773CACB31DB85749005C8F45 /* 8_5.gif in Resources */,
				773CACB61DB85749005C8F45 /* 8_8.gif in Resources */,
				773CAC761DB85749005C8F45 /* 1_7.gif in Resources */,
				773CAC951DB85749005C8F45 /* 5_2.gif in Resources */,
				773CACA71DB85749005C8F45 /* 7_2.gif in Resources */,
				773CAC811DB85749005C8F45 /* 2_9.gif in Resources */,
				773CACBC1DB85907005C8F45 /* MessageTableViewCell.xib in Resources */,
				773CAC7D1DB85749005C8F45 /* 2_5.gif in Resources */,
				773CAC8F1DB85749005C8F45 /* 4_5.gif in Resources */,
				773CACC11DB85915005C8F45 /* MessageCollectionViewCell.xib in Resources */,
				773CAC8E1DB85749005C8F45 /* 4_4.gif in Resources */,
				773CAC9B1DB85749005C8F45 /* 5_8.gif in Resources */,
				773CAC771DB85749005C8F45 /* 1_8.gif in Resources */,
				773CAC7F1DB85749005C8F45 /* 2_7.gif in Resources */,
				773CAC701DB85749005C8F45 /* 1_1.gif in Resources */,
				773CACA81DB85749005C8F45 /* 7_3.gif in Resources */,
				773CAC881DB85749005C8F45 /* 3_7.gif in Resources */,
				773CAC911DB85749005C8F45 /* 4_7.gif in Resources */,
				773CACB21DB85749005C8F45 /* 8_4.gif in Resources */,
				773CACAF1DB85749005C8F45 /* 8_1.gif in Resources */,
				773CACAB1DB85749005C8F45 /* 7_6.gif in Resources */,
				773CAC751DB85749005C8F45 /* 1_6.gif in Resources */,
				773CAC801DB85749005C8F45 /* 2_8.gif in Resources */,
				773CACA31DB85749005C8F45 /* 6_7.gif in Resources */,
				773CAC7E1DB85749005C8F45 /* 2_6.gif in Resources */,
				773CAC851DB85749005C8F45 /* 3_4.gif in Resources */,
				773CAC741DB85749005C8F45 /* 1_5.gif in Resources */,
				773CACA91DB85749005C8F45 /* 7_4.gif in Resources */,
				773CACA21DB85749005C8F45 /* 6_6.gif in Resources */,
				773CACA01DB85749005C8F45 /* 6_4.gif in Resources */,
				773CAC991DB85749005C8F45 /* 5_6.gif in Resources */,
				773CAC861DB85749005C8F45 /* 3_5.gif in Resources */,
				773CAC781DB85749005C8F45 /* 1_9.gif in Resources */,
				773CAC901DB85749005C8F45 /* 4_6.gif in Resources */,
				773CAC9A1DB85749005C8F45 /* 5_7.gif in Resources */,
				773CAC831DB85749005C8F45 /* 3_2.gif in Resources */,
				773CAC7C1DB85749005C8F45 /* 2_4.gif in Resources */,
				773CACB11DB85749005C8F45 /* 8_3.gif in Resources */,
				773CACB71DB85749005C8F45 /* 8_9.gif in Resources */,
				773CAC971DB85749005C8F45 /* 5_4.gif in Resources */,
				773CAC721DB85749005C8F45 /* 1_3.gif in Resources */,
				773CACA61DB85749005C8F45 /* 7_1.gif in Resources */,
				773CACAA1DB85749005C8F45 /* 7_5.gif in Resources */,
				773CACAE1DB85749005C8F45 /* 7_9.gif in Resources */,
				773CAC8D1DB85749005C8F45 /* 4_3.gif in Resources */,
				773CACB01DB85749005C8F45 /* 8_2.gif in Resources */,
				773CACA41DB85749005C8F45 /* 6_8.gif in Resources */,
				773CAC711DB85749005C8F45 /* 1_2.gif in Resources */,
				773CACA51DB85749005C8F45 /* 6_9.gif in Resources */,
				773CAC9C1DB85749005C8F45 /* 5_9.gif in Resources */,
				773CAC731DB85749005C8F45 /* 1_4.gif in Resources */,
				773CAC791DB85749005C8F45 /* 2_1.gif in Resources */,
				773CAC921DB85749005C8F45 /* 4_8.gif in Resources */,
				773CAC9E1DB85749005C8F45 /* 6_2.gif in Resources */,
				773CACAC1DB85749005C8F45 /* 7_7.gif in Resources */,
				773CAC9D1DB85749005C8F45 /* 6_1.gif in Resources */,
				773CAC841DB85749005C8F45 /* 3_3.gif in Resources */,
				773CAC931DB85749005C8F45 /* 4_9.gif in Resources */,
				773CAC8B1DB85749005C8F45 /* 4_1.gif in Resources */,
				773CAC8C1DB85749005C8F45 /* 4_2.gif in Resources */,
				773CACB51DB85749005C8F45 /* 8_7.gif in Resources */,
				773CAC7A1DB85749005C8F45 /* 2_2.gif in Resources */,
				773CAC151DB8555D005C8F45 /* Assets.xcassets in Resources */,
				773CAC9F1DB85749005C8F45 /* 6_3.gif in Resources */,
				773CAC821DB85749005C8F45 /* 3_1.gif in Resources */,
				773CAC871DB85749005C8F45 /* 3_6.gif in Resources */,
				773CAC8A1DB85749005C8F45 /* 3_9.gif in Resources */,
				773CACAD1DB85749005C8F45 /* 7_8.gif in Resources */,
				773CAC891DB85749005C8F45 /* 3_8.gif in Resources */,
				773CAC941DB85749005C8F45 /* 5_1.gif in Resources */,
				773CAC961DB85749005C8F45 /* 5_3.gif in Resources */,
				773CACA11DB85749005C8F45 /* 6_5.gif in Resources */,
				773CAC131DB8555D005C8F45 /* MainInterface.storyboard in Resources */,
				773CAC7B1DB85749005C8F45 /* 2_3.gif in Resources */,
				773CACB41DB85749005C8F45 /* 8_6.gif in Resources */,
			);
			runOnlyForDeploymentPostprocessing = 0;
		};
/* End PBXResourcesBuildPhase section */

/* Begin PBXShellScriptBuildPhase section */
		BC8718A613B517C43FC84E48 /* [CP] Copy Pods Resources */ = {
			isa = PBXShellScriptBuildPhase;
			buildActionMask = 2147483647;
			files = (
			);
			inputPaths = (
			);
			name = "[CP] Copy Pods Resources";
			outputPaths = (
			);
			runOnlyForDeploymentPostprocessing = 0;
			shellPath = /bin/sh;
			shellScript = "\"${SRCROOT}/Pods/Target Support Files/Pods-iMessageAppOfXKL/Pods-iMessageAppOfXKL-resources.sh\"\n";
			showEnvVarsInLog = 0;
		};
		C1F92B07B471A0C599E90AED /* [CP] Check Pods Manifest.lock */ = {
			isa = PBXShellScriptBuildPhase;
			buildActionMask = 2147483647;
			files = (
			);
			inputPaths = (
			);
			name = "[CP] Check Pods Manifest.lock";
			outputPaths = (
			);
			runOnlyForDeploymentPostprocessing = 0;
			shellPath = /bin/sh;
			shellScript = "diff \"${PODS_ROOT}/../Podfile.lock\" \"${PODS_ROOT}/Manifest.lock\" > /dev/null\nif [[ $? != 0 ]] ; then\n    cat << EOM\nerror: The sandbox is not in sync with the Podfile.lock. Run 'pod install' or update your CocoaPods installation.\nEOM\n    exit 1\nfi\n";
			showEnvVarsInLog = 0;
		};
/* End PBXShellScriptBuildPhase section */

/* Begin PBXSourcesBuildPhase section */
		773CAC021DB8555D005C8F45 /* Sources */ = {
			isa = PBXSourcesBuildPhase;
			buildActionMask = 2147483647;
			files = (
				773CAC101DB8555D005C8F45 /* MessagesViewController.m in Sources */,
				773CACBB1DB85907005C8F45 /* MessageTableViewCell.m in Sources */,
				773CACC01DB85915005C8F45 /* MessageCollectionViewCell.m in Sources */,
			);
			runOnlyForDeploymentPostprocessing = 0;
		};
/* End PBXSourcesBuildPhase section */

/* Begin PBXTargetDependency section */
		773CAC091DB8555D005C8F45 /* PBXTargetDependency */ = {
			isa = PBXTargetDependency;
			target = 773CAC051DB8555D005C8F45 /* MessagesExtension */;
			targetProxy = 773CAC081DB8555D005C8F45 /* PBXContainerItemProxy */;
		};
/* End PBXTargetDependency section */

/* Begin PBXVariantGroup section */
		773CAC111DB8555D005C8F45 /* MainInterface.storyboard */ = {
			isa = PBXVariantGroup;
			children = (
				773CAC121DB8555D005C8F45 /* Base */,
			);
			name = MainInterface.storyboard;
			sourceTree = "<group>";
		};
/* End PBXVariantGroup section */

/* Begin XCBuildConfiguration section */
		773CAC171DB8555D005C8F45 /* Debug */ = {
			isa = XCBuildConfiguration;
			baseConfigurationReference = 18817DF18E84BD2CB5C6942D /* Pods-iMessageAppOfXKL.debug.xcconfig */;
			buildSettings = {
				ALWAYS_SEARCH_USER_PATHS = NO;
				CLANG_ANALYZER_NONNULL = YES;
				CLANG_CXX_LANGUAGE_STANDARD = "gnu++0x";
				CLANG_CXX_LIBRARY = "libc++";
				CLANG_ENABLE_MODULES = YES;
				CLANG_ENABLE_OBJC_ARC = YES;
				CLANG_WARN_BOOL_CONVERSION = YES;
				CLANG_WARN_CONSTANT_CONVERSION = YES;
				CLANG_WARN_DIRECT_OBJC_ISA_USAGE = YES_ERROR;
				CLANG_WARN_DOCUMENTATION_COMMENTS = YES;
				CLANG_WARN_EMPTY_BODY = YES;
				CLANG_WARN_ENUM_CONVERSION = YES;
				CLANG_WARN_INFINITE_RECURSION = YES;
				CLANG_WARN_INT_CONVERSION = YES;
				CLANG_WARN_OBJC_ROOT_CLASS = YES_ERROR;
				CLANG_WARN_SUSPICIOUS_MOVES = YES;
				CLANG_WARN_UNREACHABLE_CODE = YES;
				CLANG_WARN__DUPLICATE_METHOD_MATCH = YES;
				"CODE_SIGN_IDENTITY[sdk=iphoneos*]" = "iPhone Developer";
				COPY_PHASE_STRIP = NO;
				DEBUG_INFORMATION_FORMAT = dwarf;
				ENABLE_STRICT_OBJC_MSGSEND = YES;
				ENABLE_TESTABILITY = YES;
				GCC_C_LANGUAGE_STANDARD = gnu99;
				GCC_DYNAMIC_NO_PIC = NO;
				GCC_NO_COMMON_BLOCKS = YES;
				GCC_OPTIMIZATION_LEVEL = 0;
				GCC_PREPROCESSOR_DEFINITIONS = (
					"DEBUG=1",
					"$(inherited)",
				);
				GCC_WARN_64_TO_32_BIT_CONVERSION = YES;
				GCC_WARN_ABOUT_RETURN_TYPE = YES_ERROR;
				GCC_WARN_UNDECLARED_SELECTOR = YES;
				GCC_WARN_UNINITIALIZED_AUTOS = YES_AGGRESSIVE;
				GCC_WARN_UNUSED_FUNCTION = YES;
				GCC_WARN_UNUSED_VARIABLE = YES;
				IPHONEOS_DEPLOYMENT_TARGET = 10.0;
				MTL_ENABLE_DEBUG_INFO = YES;
				ONLY_ACTIVE_ARCH = YES;
				SDKROOT = iphoneos;
			};
			name = Debug;
		};
		773CAC181DB8555D005C8F45 /* Release */ = {
			isa = XCBuildConfiguration;
			baseConfigurationReference = 6E10A49B5818137730EFF722 /* Pods-iMessageAppOfXKL.release.xcconfig */;
			buildSettings = {
				ALWAYS_SEARCH_USER_PATHS = NO;
				CLANG_ANALYZER_NONNULL = YES;
				CLANG_CXX_LANGUAGE_STANDARD = "gnu++0x";
				CLANG_CXX_LIBRARY = "libc++";
				CLANG_ENABLE_MODULES = YES;
				CLANG_ENABLE_OBJC_ARC = YES;
				CLANG_WARN_BOOL_CONVERSION = YES;
				CLANG_WARN_CONSTANT_CONVERSION = YES;
				CLANG_WARN_DIRECT_OBJC_ISA_USAGE = YES_ERROR;
				CLANG_WARN_DOCUMENTATION_COMMENTS = YES;
				CLANG_WARN_EMPTY_BODY = YES;
				CLANG_WARN_ENUM_CONVERSION = YES;
				CLANG_WARN_INFINITE_RECURSION = YES;
				CLANG_WARN_INT_CONVERSION = YES;
				CLANG_WARN_OBJC_ROOT_CLASS = YES_ERROR;
				CLANG_WARN_SUSPICIOUS_MOVES = YES;
				CLANG_WARN_UNREACHABLE_CODE = YES;
				CLANG_WARN__DUPLICATE_METHOD_MATCH = YES;
				"CODE_SIGN_IDENTITY[sdk=iphoneos*]" = "iPhone Developer";
				COPY_PHASE_STRIP = NO;
				DEBUG_INFORMATION_FORMAT = "dwarf-with-dsym";
				ENABLE_NS_ASSERTIONS = NO;
				ENABLE_STRICT_OBJC_MSGSEND = YES;
				GCC_C_LANGUAGE_STANDARD = gnu99;
				GCC_NO_COMMON_BLOCKS = YES;
				GCC_WARN_64_TO_32_BIT_CONVERSION = YES;
				GCC_WARN_ABOUT_RETURN_TYPE = YES_ERROR;
				GCC_WARN_UNDECLARED_SELECTOR = YES;
				GCC_WARN_UNINITIALIZED_AUTOS = YES_AGGRESSIVE;
				GCC_WARN_UNUSED_FUNCTION = YES;
				GCC_WARN_UNUSED_VARIABLE = YES;
				IPHONEOS_DEPLOYMENT_TARGET = 10.0;
				MTL_ENABLE_DEBUG_INFO = NO;
				SDKROOT = iphoneos;
				VALIDATE_PRODUCT = YES;
			};
			name = Release;
		};
		773CAC1A1DB8555D005C8F45 /* Debug */ = {
			isa = XCBuildConfiguration;
			baseConfigurationReference = 18817DF18E84BD2CB5C6942D /* Pods-iMessageAppOfXKL.debug.xcconfig */;
			buildSettings = {
				ASSETCATALOG_COMPILER_APPICON_NAME = "iMessage App Icon";
				INFOPLIST_FILE = MessagesExtension/Info.plist;
				LD_RUNPATH_SEARCH_PATHS = "$(inherited) @executable_path/Frameworks @executable_path/../../Frameworks";
				PRODUCT_BUNDLE_IDENTIFIER = sheva.iMessageAppOfXKL.MessagesExtension;
				PRODUCT_NAME = "$(TARGET_NAME)";
				SKIP_INSTALL = YES;
			};
			name = Debug;
		};
		773CAC1B1DB8555D005C8F45 /* Release */ = {
			isa = XCBuildConfiguration;
			baseConfigurationReference = 6E10A49B5818137730EFF722 /* Pods-iMessageAppOfXKL.release.xcconfig */;
			buildSettings = {
				ASSETCATALOG_COMPILER_APPICON_NAME = "iMessage App Icon";
				INFOPLIST_FILE = MessagesExtension/Info.plist;
				LD_RUNPATH_SEARCH_PATHS = "$(inherited) @executable_path/Frameworks @executable_path/../../Frameworks";
				PRODUCT_BUNDLE_IDENTIFIER = sheva.iMessageAppOfXKL.MessagesExtension;
				PRODUCT_NAME = "$(TARGET_NAME)";
				SKIP_INSTALL = YES;
			};
			name = Release;
		};
		773CAC1E1DB8555D005C8F45 /* Debug */ = {
			isa = XCBuildConfiguration;
			baseConfigurationReference = 18817DF18E84BD2CB5C6942D /* Pods-iMessageAppOfXKL.debug.xcconfig */;
			buildSettings = {
				ASSETCATALOG_COMPILER_APPICON_NAME = AppIcon;
				GCC_PRECOMPILE_PREFIX_HEADER = YES;
				GCC_PREFIX_HEADER = /Users/huiren/Desktop/MyiMessageApp/iMessageAppOfXKL/MessagesExtension/PrefixHeader.pch;
				HEADER_SEARCH_PATHS = (
					"$(inherited)",
					"\"${PODS_ROOT}/Headers/Public\"",
					"\"${PODS_ROOT}/Headers/Public/Masonry\"",
					"\"${PODS_ROOT}/Headers/Public/SDWebImage\"",
				);
				INFOPLIST_FILE = iMessageAppOfXKL/Info.plist;
				PRODUCT_BUNDLE_IDENTIFIER = sheva.iMessageAppOfXKL;
				PRODUCT_NAME = "$(TARGET_NAME)";
				TARGETED_DEVICE_FAMILY = "1,2";
				USER_HEADER_SEARCH_PATHS = "${SRCROOT}/**";
			};
			name = Debug;
		};
		773CAC1F1DB8555D005C8F45 /* Release */ = {
			isa = XCBuildConfiguration;
			baseConfigurationReference = 6E10A49B5818137730EFF722 /* Pods-iMessageAppOfXKL.release.xcconfig */;
			buildSettings = {
				ASSETCATALOG_COMPILER_APPICON_NAME = AppIcon;
				GCC_PRECOMPILE_PREFIX_HEADER = YES;
				GCC_PREFIX_HEADER = /Users/huiren/Desktop/MyiMessageApp/iMessageAppOfXKL/MessagesExtension/PrefixHeader.pch;
				HEADER_SEARCH_PATHS = (
					"$(inherited)",
					"\"${PODS_ROOT}/Headers/Public\"",
					"\"${PODS_ROOT}/Headers/Public/Masonry\"",
					"\"${PODS_ROOT}/Headers/Public/SDWebImage\"",
				);
				INFOPLIST_FILE = iMessageAppOfXKL/Info.plist;
				PRODUCT_BUNDLE_IDENTIFIER = sheva.iMessageAppOfXKL;
				PRODUCT_NAME = "$(TARGET_NAME)";
				TARGETED_DEVICE_FAMILY = "1,2";
				USER_HEADER_SEARCH_PATHS = "${SRCROOT}/**";
			};
			name = Release;
		};
/* End XCBuildConfiguration section */

/* Begin XCConfigurationList section */
		773CABF91DB8555D005C8F45 /* Build configuration list for PBXProject "iMessageAppOfXKL" */ = {
			isa = XCConfigurationList;
			buildConfigurations = (
				773CAC171DB8555D005C8F45 /* Debug */,
				773CAC181DB8555D005C8F45 /* Release */,
			);
			defaultConfigurationIsVisible = 0;
			defaultConfigurationName = Release;
		};
		773CAC191DB8555D005C8F45 /* Build configuration list for PBXNativeTarget "MessagesExtension" */ = {
			isa = XCConfigurationList;
			buildConfigurations = (
				773CAC1A1DB8555D005C8F45 /* Debug */,
				773CAC1B1DB8555D005C8F45 /* Release */,
			);
			defaultConfigurationIsVisible = 0;
			defaultConfigurationName = Release;
		};
		773CAC1D1DB8555D005C8F45 /* Build configuration list for PBXNativeTarget "iMessageAppOfXKL" */ = {
			isa = XCConfigurationList;
			buildConfigurations = (
				773CAC1E1DB8555D005C8F45 /* Debug */,
				773CAC1F1DB8555D005C8F45 /* Release */,
			);
			defaultConfigurationIsVisible = 0;
			defaultConfigurationName = Release;
		};
/* End XCConfigurationList section */
	};
	rootObject = 773CABF61DB8555D005C8F45 /* Project object */;
}
